
Microsoft Visual Studio Solution File, Format Version 12.00
# Visual Studio 15
VisualStudioVersion = 15.0.26124.0
MinimumVisualStudioVersion = 15.0.26124.0
Project("{2150E333-8FDC-42A3-9474-1A3956D46DE8}") = "src", "src", "{50BC8178-15E4-42D8-8CF3-8ACE95046FDF}"
EndProject
Project("{FAE04EC0-301F-11D3-BF4B-00C04F79EFBC}") = "GradeBook", "src\GradeBook\GradeBook.csproj", "{93298D07-D86A-4A0D-BA88-0E320BB331F0}"
EndProject
Project("{2150E333-8FDC-42A3-9474-1A3956D46DE8}") = "test", "test", "{C777F47D-2289-44BF-B574-5F03276213C5}"
EndProject
Project("{FAE04EC0-301F-11D3-BF4B-00C04F79EFBC}") = "GradeBook.Tests", "test\GradeBook.Tests\GradeBook.Tests.csproj", "{32093270-52A7-44F2-A8DC-7D0BBDA6AD7C}"
EndProject
Global
	GlobalSection(SolutionConfigurationPlatforms) = preSolution
		Debug|Any CPU = Debug|Any CPU
		Debug|x64 = Debug|x64
		Debug|x86 = Debug|x86
		Release|Any CPU = Release|Any CPU
		Release|x64 = Release|x64
		Release|x86 = Release|x86
	EndGlobalSection
	GlobalSection(SolutionProperties) = preSolution
		HideSolutionNode = FALSE
	EndGlobalSection
	GlobalSection(ProjectConfigurationPlatforms) = postSolution
		{93298D07-D86A-4A0D-BA88-0E320BB331F0}.Debug|Any CPU.ActiveCfg = Debug|Any CPU
		{93298D07-D86A-4A0D-BA88-0E320BB331F0}.Debug|Any CPU.Build.0 = Debug|Any CPU
		{93298D07-D86A-4A0D-BA88-0E320BB331F0}.Debug|x64.ActiveCfg = Debug|Any CPU
		{93298D07-D86A-4A0D-BA88-0E320BB331F0}.Debug|x64.Build.0 = Debug|Any CPU
		{93298D07-D86A-4A0D-BA88-0E320BB331F0}.Debug|x86.ActiveCfg = Debug|Any CPU
		{93298D07-D86A-4A0D-BA88-0E320BB331F0}.Debug|x86.Build.0 = Debug|Any CPU
		{93298D07-D86A-4A0D-BA88-0E320BB331F0}.Release|Any CPU.ActiveCfg = Release|Any CPU
		{93298D07-D86A-4A0D-BA88-0E320BB331F0}.Release|Any CPU.Build.0 = Release|Any CPU
		{93298D07-D86A-4A0D-BA88-0E320BB331F0}.Release|x64.ActiveCfg = Release|Any CPU
		{93298D07-D86A-4A0D-BA88-0E320BB331F0}.Release|x64.Build.0 = Release|Any CPU
		{93298D07-D86A-4A0D-BA88-0E320BB331F0}.Release|x86.ActiveCfg = Release|Any CPU
		{93298D07-D86A-4A0D-BA88-0E320BB331F0}.Release|x86.Build.0 = Release|Any CPU
		{32093270-52A7-44F2-A8DC-7D0BBDA6AD7C}.Debug|Any CPU.ActiveCfg = Debug|Any CPU
		{32093270-52A7-44F2-A8DC-7D0BBDA6AD7C}.Debug|Any CPU.Build.0 = Debug|Any CPU
		{32093270-52A7-44F2-A8DC-7D0BBDA6AD7C}.Debug|x64.ActiveCfg = Debug|Any CPU
		{32093270-52A7-44F2-A8DC-7D0BBDA6AD7C}.Debug|x64.Build.0 = Debug|Any CPU
		{32093270-52A7-44F2-A8DC-7D0BBDA6AD7C}.Debug|x86.ActiveCfg = Debug|Any CPU
		{32093270-52A7-44F2-A8DC-7D0BBDA6AD7C}.Debug|x86.Build.0 = Debug|Any CPU
		{32093270-52A7-44F2-A8DC-7D0BBDA6AD7C}.Release|Any CPU.ActiveCfg = Release|Any CPU
		{32093270-52A7-44F2-A8DC-7D0BBDA6AD7C}.Release|Any CPU.Build.0 = Release|Any CPU
		{32093270-52A7-44F2-A8DC-7D0BBDA6AD7C}.Release|x64.ActiveCfg = Release|Any CPU
		{32093270-52A7-44F2-A8DC-7D0BBDA6AD7C}.Release|x64.Build.0 = Release|Any CPU
		{32093270-52A7-44F2-A8DC-7D0BBDA6AD7C}.Release|x86.ActiveCfg = Release|Any CPU
		{32093270-52A7-44F2-A8DC-7D0BBDA6AD7C}.Release|x86.Build.0 = Release|Any CPU
	EndGlobalSection
	GlobalSection(NestedProjects) = preSolution
		{93298D07-D86A-4A0D-BA88-0E320BB331F0} = {50BC8178-15E4-42D8-8CF3-8ACE95046FDF}
		{32093270-52A7-44F2-A8DC-7D0BBDA6AD7C} = {C777F47D-2289-44BF-B574-5F03276213C5}
	EndGlobalSection
EndGlobal
